
Microsoft Visual Studio Solution File, Format Version 12.00
# Visual Studio 14
VisualStudioVersion = 14.0.25123.0
MinimumVisualStudioVersion = 10.0.40219.1
Project("{FAE04EC0-301F-11D3-BF4B-00C04F79EFBC}") = "TCPClient", "TCPClient\TCPClient.csproj", "{03A92C9A-94E7-452E-B703-7E17F54B3A68}"
EndProject
Project("{FAE04EC0-301F-11D3-BF4B-00C04F79EFBC}") = "TCPServer", "TCPServer\TCPServer.csproj", "{B870A37D-66EF-49B9-87BC-FD377276F8CE}"
EndProject
Project("{FAE04EC0-301F-11D3-BF4B-00C04F79EFBC}") = "Messenger", "Messenger\Messenger.csproj", "{3B1B1BBB-C975-4C8A-9687-BF939E3C3748}"
EndProject
Project("{FAE04EC0-301F-11D3-BF4B-00C04F79EFBC}") = "Model", "Model\Model.csproj", "{14878EBF-3813-4100-B95D-F6692D569209}"
EndProject
Global
	GlobalSection(SolutionConfigurationPlatforms) = preSolution
		Debug|Any CPU = Debug|Any CPU
		Release|Any CPU = Release|Any CPU
	EndGlobalSection
	GlobalSection(ProjectConfigurationPlatforms) = postSolution
		{03A92C9A-94E7-452E-B703-7E17F54B3A68}.Debug|Any CPU.ActiveCfg = Debug|Any CPU
		{03A92C9A-94E7-452E-B703-7E17F54B3A68}.Debug|Any CPU.Build.0 = Debug|Any CPU
		{03A92C9A-94E7-452E-B703-7E17F54B3A68}.Release|Any CPU.ActiveCfg = Release|Any CPU
		{03A92C9A-94E7-452E-B703-7E17F54B3A68}.Release|Any CPU.Build.0 = Release|Any CPU
		{B870A37D-66EF-49B9-87BC-FD377276F8CE}.Debug|Any CPU.ActiveCfg = Debug|Any CPU
		{B870A37D-66EF-49B9-87BC-FD377276F8CE}.Debug|Any CPU.Build.0 = Debug|Any CPU
		{B870A37D-66EF-49B9-87BC-FD377276F8CE}.Release|Any CPU.ActiveCfg = Release|Any CPU
		{B870A37D-66EF-49B9-87BC-FD377276F8CE}.Release|Any CPU.Build.0 = Release|Any CPU
		{3B1B1BBB-C975-4C8A-9687-BF939E3C3748}.Debug|Any CPU.ActiveCfg = Debug|Any CPU
		{3B1B1BBB-C975-4C8A-9687-BF939E3C3748}.Debug|Any CPU.Build.0 = Debug|Any CPU
		{3B1B1BBB-C975-4C8A-9687-BF939E3C3748}.Release|Any CPU.ActiveCfg = Release|Any CPU
		{3B1B1BBB-C975-4C8A-9687-BF939E3C3748}.Release|Any CPU.Build.0 = Release|Any CPU
		{14878EBF-3813-4100-B95D-F6692D569209}.Debug|Any CPU.ActiveCfg = Debug|Any CPU
		{14878EBF-3813-4100-B95D-F6692D569209}.Debug|Any CPU.Build.0 = Debug|Any CPU
		{14878EBF-3813-4100-B95D-F6692D569209}.Release|Any CPU.ActiveCfg = Release|Any CPU
		{14878EBF-3813-4100-B95D-F6692D569209}.Release|Any CPU.Build.0 = Release|Any CPU
	EndGlobalSection
	GlobalSection(SolutionProperties) = preSolution
		HideSolutionNode = FALSE
	EndGlobalSection
EndGlobal
